<?xml version="1.0" encoding="utf-8"?>
<Project ToolsVersion="4.0" xmlns="http://schemas.microsoft.com/developer/msbuild/2003">
  <ItemGroup>
    <Filter Include="源文件">
      <UniqueIdentifier>{4FC737F1-C7A5-4376-A066-2A32D752A2FF}</UniqueIdentifier>
      <Extensions>cpp;c;cc;cxx;c++;cppm;ixx;def;odl;idl;hpj;bat;asm;asmx</Extensions>
    </Filter>
    <Filter Include="头文件">
      <UniqueIdentifier>{93995380-89BD-4b04-88EB-625FBE52EBFB}</UniqueIdentifier>
      <Extensions>h;hh;hpp;hxx;h++;hm;inl;inc;ipp;xsd</Extensions>
    </Filter>
    <Filter Include="资源文件">
      <UniqueIdentifier>{67DA6AB6-F800-4c08-8B7A-83BB121AAD01}</UniqueIdentifier>
      <Extensions>rc;ico;cur;bmp;dlg;rc2;rct;bin;rgs;gif;jpg;jpeg;jpe;resx;tiff;tif;png;wav;mfcribbon-ms</Extensions>
    </Filter>
    <Filter Include="头文件\jni">
      <UniqueIdentifier>{86107af5-9fe5-49cb-b6c8-4bd0245de77c}</UniqueIdentifier>
    </Filter>
    <Filter Include="头文件\jni\x64">
      <UniqueIdentifier>{95754bb2-8054-455f-aaab-834f1ccc889d}</UniqueIdentifier>
    </Filter>
    <Filter Include="头文件\jni\ARM64">
      <UniqueIdentifier>{f1a601a8-3551-46b1-84da-0b7ee8790303}</UniqueIdentifier>
    </Filter>
    <Filter Include="头文件\jni\ARM64\include">
      <UniqueIdentifier>{ff51c7da-3b1f-41a3-935f-e54a5cef0544}</UniqueIdentifier>
    </Filter>
    <Filter Include="头文件\jni\x64\include">
      <UniqueIdentifier>{e50c0d82-18a1-46a2-890c-858478111b7b}</UniqueIdentifier>
    </Filter>
    <Filter Include="头文件\LitematicConversion">
      <UniqueIdentifier>{94ea7e80-4914-4458-833f-8b36bd6573e7}</UniqueIdentifier>
    </Filter>
  </ItemGroup>
  <ItemGroup>
    <ClCompile Include="dllmain.cpp">
      <Filter>源文件</Filter>
    </ClCompile>
    <ClCompile Include="JNI_Exports.cpp">
      <Filter>源文件</Filter>
    </ClCompile>
  </ItemGroup>
  <ItemGroup>
    <ClInclude Include="jni\x64\include\jni_md.h">
      <Filter>头文件\jni\x64\include</Filter>
    </ClInclude>
    <ClInclude Include="jni\x64\include\jni.h">
      <Filter>头文件\jni\x64\include</Filter>
    </ClInclude>
    <ClInclude Include="Mappings.hpp">
      <Filter>头文件\LitematicConversion</Filter>
    </ClInclude>
    <ClInclude Include="RegionConversion.hpp">
      <Filter>头文件\LitematicConversion</Filter>
    </ClInclude>
    <ClInclude Include="TileEntityConversion.hpp">
      <Filter>头文件\LitematicConversion</Filter>
    </ClInclude>
    <ClInclude Include="BaseConversion.hpp">
      <Filter>头文件\LitematicConversion</Filter>
    </ClInclude>
    <ClInclude Include="ComponentsTagConversion.hpp">
      <Filter>头文件\LitematicConversion</Filter>
    </ClInclude>
    <ClInclude Include="EntityConversion.hpp">
      <Filter>头文件\LitematicConversion</Filter>
    </ClInclude>
    <ClInclude Include="LitematicConversion.hpp">
      <Filter>头文件\LitematicConversion</Filter>
    </ClInclude>
    <ClInclude Include="NBT_Erase.hpp">
      <Filter>头文件</Filter>
    </ClInclude>
  </ItemGroup>
  <ItemGroup>
    <Text Include="CMakeLists.txt">
      <Filter>资源文件</Filter>
    </Text>
  </ItemGroup>
</Project>